
Microsoft Visual Studio Solution File, Format Version 11.00
# Visual C# Express 2010
Project("{FAE04EC0-301F-11D3-BF4B-00C04F79EFBC}") = "MenuBuddy.Windows.XNA", "MenuBuddy.Windows.XNA.csproj", "{73C84964-C3F0-41D2-9B76-BB8C88E447F6}"
EndProject
Project("{FAE04EC0-301F-11D3-BF4B-00C04F79EFBC}") = "FontBuddy.Windows.XNA", "..\externals\FontBuddy\Windows.XNA\FontBuddy.Windows.XNA.csproj", "{72F572D0-338C-45EB-AB95-45F8EAFF5A7D}"
EndProject
Project("{FAE04EC0-301F-11D3-BF4B-00C04F79EFBC}") = "GameTimer.Windows.XNA", "..\externals\GameTimer\Windows.XNA\GameTimer.Windows.XNA.csproj", "{C05AFDF0-1371-48FA-AD30-CF14D46EAF2B}"
EndProject
Project("{FAE04EC0-301F-11D3-BF4B-00C04F79EFBC}") = "HadoukInput.Windows.XNA", "..\externals\HadoukInput\Windows.XNA\HadoukInput.Windows.XNA.csproj", "{13B04F1A-2DF6-426D-B0C5-300F9ED2AA5A}"
EndProject
Project("{FAE04EC0-301F-11D3-BF4B-00C04F79EFBC}") = "ResolutionBuddy.Windows.XNA", "..\externals\ResolutionBuddy\Windows.XNA\ResolutionBuddy.Windows.XNA.csproj", "{1012898A-B613-4A77-8AC9-E50C9E15D67A}"
EndProject
Global
	GlobalSection(SolutionConfigurationPlatforms) = preSolution
		Debug|x86 = Debug|x86
		Release|x86 = Release|x86
	EndGlobalSection
	GlobalSection(ProjectConfigurationPlatforms) = postSolution
		{73C84964-C3F0-41D2-9B76-BB8C88E447F6}.Debug|x86.ActiveCfg = Debug|x86
		{73C84964-C3F0-41D2-9B76-BB8C88E447F6}.Debug|x86.Build.0 = Debug|x86
		{73C84964-C3F0-41D2-9B76-BB8C88E447F6}.Release|x86.ActiveCfg = Release|x86
		{73C84964-C3F0-41D2-9B76-BB8C88E447F6}.Release|x86.Build.0 = Release|x86
		{72F572D0-338C-45EB-AB95-45F8EAFF5A7D}.Debug|x86.ActiveCfg = Debug|x86
		{72F572D0-338C-45EB-AB95-45F8EAFF5A7D}.Debug|x86.Build.0 = Debug|x86
		{72F572D0-338C-45EB-AB95-45F8EAFF5A7D}.Release|x86.ActiveCfg = Release|x86
		{72F572D0-338C-45EB-AB95-45F8EAFF5A7D}.Release|x86.Build.0 = Release|x86
		{C05AFDF0-1371-48FA-AD30-CF14D46EAF2B}.Debug|x86.ActiveCfg = Debug|x86
		{C05AFDF0-1371-48FA-AD30-CF14D46EAF2B}.Debug|x86.Build.0 = Debug|x86
		{C05AFDF0-1371-48FA-AD30-CF14D46EAF2B}.Release|x86.ActiveCfg = Release|x86
		{C05AFDF0-1371-48FA-AD30-CF14D46EAF2B}.Release|x86.Build.0 = Release|x86
		{13B04F1A-2DF6-426D-B0C5-300F9ED2AA5A}.Debug|x86.ActiveCfg = Debug|x86
		{13B04F1A-2DF6-426D-B0C5-300F9ED2AA5A}.Debug|x86.Build.0 = Debug|x86
		{13B04F1A-2DF6-426D-B0C5-300F9ED2AA5A}.Release|x86.ActiveCfg = Release|x86
		{13B04F1A-2DF6-426D-B0C5-300F9ED2AA5A}.Release|x86.Build.0 = Release|x86
		{1012898A-B613-4A77-8AC9-E50C9E15D67A}.Debug|x86.ActiveCfg = Debug|x86
		{1012898A-B613-4A77-8AC9-E50C9E15D67A}.Debug|x86.Build.0 = Debug|x86
		{1012898A-B613-4A77-8AC9-E50C9E15D67A}.Release|x86.ActiveCfg = Release|x86
		{1012898A-B613-4A77-8AC9-E50C9E15D67A}.Release|x86.Build.0 = Release|x86
	EndGlobalSection
	GlobalSection(SolutionProperties) = preSolution
		HideSolutionNode = FALSE
	EndGlobalSection
EndGlobal
