
Microsoft Visual Studio Solution File, Format Version 12.00
# Visual Studio 14
VisualStudioVersion = 14.0.25420.1
MinimumVisualStudioVersion = 10.0.40219.1
Project("{FAE04EC0-301F-11D3-BF4B-00C04F79EFBC}") = "MenuBuddy.DesktopGL", "MenuBuddy.DesktopGL\MenuBuddy.DesktopGL.csproj", "{422E5AEE-D257-4DFE-A90D-9338300DE3AF}"
EndProject
Project("{FAE04EC0-301F-11D3-BF4B-00C04F79EFBC}") = "MenuBuddy.Android", "MenuBuddy.Android\MenuBuddy.Android.csproj", "{DE97136F-6234-414F-BC5B-ED80E96C1D61}"
EndProject
Project("{FAE04EC0-301F-11D3-BF4B-00C04F79EFBC}") = "MenuBuddy.iOS", "MenuBuddy.iOS\MenuBuddy.iOS.csproj", "{E48276B4-8B3D-4FA0-95A4-C9E4CE4D1D95}"
EndProject
Project("{FAE04EC0-301F-11D3-BF4B-00C04F79EFBC}") = "MenuBuddy.Tests", "MenuBuddy.Tests\MenuBuddy.Tests.csproj", "{C732C75A-AA83-4332-A75D-EB23A4EBFC95}"
EndProject
Project("{FAE04EC0-301F-11D3-BF4B-00C04F79EFBC}") = "MenuBuddy.WindowsUniversal", "MenuBuddy.WindowsUniversal\MenuBuddy.WindowsUniversal.csproj", "{17331613-F159-4A42-9944-E6CAFF38526E}"
EndProject
Project("{2150E333-8FDC-42A3-9474-1A3956D46DE8}") = "Solution Items", "Solution Items", "{804A9145-99F0-4994-B659-5C6B3DD5DE1B}"
	ProjectSection(SolutionItems) = preProject
		buildNugetPackages.ps1 = buildNugetPackages.ps1
		MenuBuddy.nuspec = MenuBuddy.nuspec
	EndProjectSection
EndProject
Global
	GlobalSection(SolutionConfigurationPlatforms) = preSolution
		AppStore|Any CPU = AppStore|Any CPU
		AppStore|ARM = AppStore|ARM
		AppStore|x64 = AppStore|x64
		AppStore|x86 = AppStore|x86
		Debug|Any CPU = Debug|Any CPU
		Debug|ARM = Debug|ARM
		Debug|x64 = Debug|x64
		Debug|x86 = Debug|x86
		Release|Any CPU = Release|Any CPU
		Release|ARM = Release|ARM
		Release|x64 = Release|x64
		Release|x86 = Release|x86
	EndGlobalSection
	GlobalSection(ProjectConfigurationPlatforms) = postSolution
		{422E5AEE-D257-4DFE-A90D-9338300DE3AF}.AppStore|Any CPU.ActiveCfg = Release|Any CPU
		{422E5AEE-D257-4DFE-A90D-9338300DE3AF}.AppStore|Any CPU.Build.0 = Release|Any CPU
		{422E5AEE-D257-4DFE-A90D-9338300DE3AF}.AppStore|ARM.ActiveCfg = Debug|Any CPU
		{422E5AEE-D257-4DFE-A90D-9338300DE3AF}.AppStore|ARM.Build.0 = Debug|Any CPU
		{422E5AEE-D257-4DFE-A90D-9338300DE3AF}.AppStore|x64.ActiveCfg = Debug|Any CPU
		{422E5AEE-D257-4DFE-A90D-9338300DE3AF}.AppStore|x64.Build.0 = Debug|Any CPU
		{422E5AEE-D257-4DFE-A90D-9338300DE3AF}.AppStore|x86.ActiveCfg = Debug|Any CPU
		{422E5AEE-D257-4DFE-A90D-9338300DE3AF}.AppStore|x86.Build.0 = Debug|Any CPU
		{422E5AEE-D257-4DFE-A90D-9338300DE3AF}.Debug|Any CPU.ActiveCfg = Debug|Any CPU
		{422E5AEE-D257-4DFE-A90D-9338300DE3AF}.Debug|Any CPU.Build.0 = Debug|Any CPU
		{422E5AEE-D257-4DFE-A90D-9338300DE3AF}.Debug|ARM.ActiveCfg = Debug|Any CPU
		{422E5AEE-D257-4DFE-A90D-9338300DE3AF}.Debug|ARM.Build.0 = Debug|Any CPU
		{422E5AEE-D257-4DFE-A90D-9338300DE3AF}.Debug|x64.ActiveCfg = Debug|Any CPU
		{422E5AEE-D257-4DFE-A90D-9338300DE3AF}.Debug|x64.Build.0 = Debug|Any CPU
		{422E5AEE-D257-4DFE-A90D-9338300DE3AF}.Debug|x86.ActiveCfg = Debug|Any CPU
		{422E5AEE-D257-4DFE-A90D-9338300DE3AF}.Debug|x86.Build.0 = Debug|Any CPU
		{422E5AEE-D257-4DFE-A90D-9338300DE3AF}.Release|Any CPU.ActiveCfg = Release|Any CPU
		{422E5AEE-D257-4DFE-A90D-9338300DE3AF}.Release|Any CPU.Build.0 = Release|Any CPU
		{422E5AEE-D257-4DFE-A90D-9338300DE3AF}.Release|ARM.ActiveCfg = Release|Any CPU
		{422E5AEE-D257-4DFE-A90D-9338300DE3AF}.Release|ARM.Build.0 = Release|Any CPU
		{422E5AEE-D257-4DFE-A90D-9338300DE3AF}.Release|x64.ActiveCfg = Release|Any CPU
		{422E5AEE-D257-4DFE-A90D-9338300DE3AF}.Release|x64.Build.0 = Release|Any CPU
		{422E5AEE-D257-4DFE-A90D-9338300DE3AF}.Release|x86.ActiveCfg = Release|Any CPU
		{422E5AEE-D257-4DFE-A90D-9338300DE3AF}.Release|x86.Build.0 = Release|Any CPU
		{DE97136F-6234-414F-BC5B-ED80E96C1D61}.AppStore|Any CPU.ActiveCfg = Release|Any CPU
		{DE97136F-6234-414F-BC5B-ED80E96C1D61}.AppStore|Any CPU.Build.0 = Release|Any CPU
		{DE97136F-6234-414F-BC5B-ED80E96C1D61}.AppStore|ARM.ActiveCfg = Debug|Any CPU
		{DE97136F-6234-414F-BC5B-ED80E96C1D61}.AppStore|ARM.Build.0 = Debug|Any CPU
		{DE97136F-6234-414F-BC5B-ED80E96C1D61}.AppStore|x64.ActiveCfg = Debug|Any CPU
		{DE97136F-6234-414F-BC5B-ED80E96C1D61}.AppStore|x64.Build.0 = Debug|Any CPU
		{DE97136F-6234-414F-BC5B-ED80E96C1D61}.AppStore|x86.ActiveCfg = Debug|Any CPU
		{DE97136F-6234-414F-BC5B-ED80E96C1D61}.AppStore|x86.Build.0 = Debug|Any CPU
		{DE97136F-6234-414F-BC5B-ED80E96C1D61}.Debug|Any CPU.ActiveCfg = Debug|Any CPU
		{DE97136F-6234-414F-BC5B-ED80E96C1D61}.Debug|Any CPU.Build.0 = Debug|Any CPU
		{DE97136F-6234-414F-BC5B-ED80E96C1D61}.Debug|ARM.ActiveCfg = Debug|Any CPU
		{DE97136F-6234-414F-BC5B-ED80E96C1D61}.Debug|ARM.Build.0 = Debug|Any CPU
		{DE97136F-6234-414F-BC5B-ED80E96C1D61}.Debug|x64.ActiveCfg = Debug|Any CPU
		{DE97136F-6234-414F-BC5B-ED80E96C1D61}.Debug|x64.Build.0 = Debug|Any CPU
		{DE97136F-6234-414F-BC5B-ED80E96C1D61}.Debug|x86.ActiveCfg = Debug|Any CPU
		{DE97136F-6234-414F-BC5B-ED80E96C1D61}.Debug|x86.Build.0 = Debug|Any CPU
		{DE97136F-6234-414F-BC5B-ED80E96C1D61}.Release|Any CPU.ActiveCfg = Release|Any CPU
		{DE97136F-6234-414F-BC5B-ED80E96C1D61}.Release|Any CPU.Build.0 = Release|Any CPU
		{DE97136F-6234-414F-BC5B-ED80E96C1D61}.Release|ARM.ActiveCfg = Release|Any CPU
		{DE97136F-6234-414F-BC5B-ED80E96C1D61}.Release|ARM.Build.0 = Release|Any CPU
		{DE97136F-6234-414F-BC5B-ED80E96C1D61}.Release|x64.ActiveCfg = Release|Any CPU
		{DE97136F-6234-414F-BC5B-ED80E96C1D61}.Release|x64.Build.0 = Release|Any CPU
		{DE97136F-6234-414F-BC5B-ED80E96C1D61}.Release|x86.ActiveCfg = Release|Any CPU
		{DE97136F-6234-414F-BC5B-ED80E96C1D61}.Release|x86.Build.0 = Release|Any CPU
		{E48276B4-8B3D-4FA0-95A4-C9E4CE4D1D95}.AppStore|Any CPU.ActiveCfg = Release|Any CPU
		{E48276B4-8B3D-4FA0-95A4-C9E4CE4D1D95}.AppStore|Any CPU.Build.0 = Release|Any CPU
		{E48276B4-8B3D-4FA0-95A4-C9E4CE4D1D95}.AppStore|ARM.ActiveCfg = Release|Any CPU
		{E48276B4-8B3D-4FA0-95A4-C9E4CE4D1D95}.AppStore|ARM.Build.0 = Release|Any CPU
		{E48276B4-8B3D-4FA0-95A4-C9E4CE4D1D95}.AppStore|x64.ActiveCfg = Release|Any CPU
		{E48276B4-8B3D-4FA0-95A4-C9E4CE4D1D95}.AppStore|x64.Build.0 = Release|Any CPU
		{E48276B4-8B3D-4FA0-95A4-C9E4CE4D1D95}.AppStore|x86.ActiveCfg = Release|Any CPU
		{E48276B4-8B3D-4FA0-95A4-C9E4CE4D1D95}.AppStore|x86.Build.0 = Release|Any CPU
		{E48276B4-8B3D-4FA0-95A4-C9E4CE4D1D95}.Debug|Any CPU.ActiveCfg = Debug|Any CPU
		{E48276B4-8B3D-4FA0-95A4-C9E4CE4D1D95}.Debug|Any CPU.Build.0 = Debug|Any CPU
		{E48276B4-8B3D-4FA0-95A4-C9E4CE4D1D95}.Debug|ARM.ActiveCfg = Debug|Any CPU
		{E48276B4-8B3D-4FA0-95A4-C9E4CE4D1D95}.Debug|ARM.Build.0 = Debug|Any CPU
		{E48276B4-8B3D-4FA0-95A4-C9E4CE4D1D95}.Debug|x64.ActiveCfg = Debug|Any CPU
		{E48276B4-8B3D-4FA0-95A4-C9E4CE4D1D95}.Debug|x64.Build.0 = Debug|Any CPU
		{E48276B4-8B3D-4FA0-95A4-C9E4CE4D1D95}.Debug|x86.ActiveCfg = Debug|Any CPU
		{E48276B4-8B3D-4FA0-95A4-C9E4CE4D1D95}.Debug|x86.Build.0 = Debug|Any CPU
		{E48276B4-8B3D-4FA0-95A4-C9E4CE4D1D95}.Release|Any CPU.ActiveCfg = Release|Any CPU
		{E48276B4-8B3D-4FA0-95A4-C9E4CE4D1D95}.Release|Any CPU.Build.0 = Release|Any CPU
		{E48276B4-8B3D-4FA0-95A4-C9E4CE4D1D95}.Release|ARM.ActiveCfg = Release|Any CPU
		{E48276B4-8B3D-4FA0-95A4-C9E4CE4D1D95}.Release|ARM.Build.0 = Release|Any CPU
		{E48276B4-8B3D-4FA0-95A4-C9E4CE4D1D95}.Release|x64.ActiveCfg = Release|Any CPU
		{E48276B4-8B3D-4FA0-95A4-C9E4CE4D1D95}.Release|x64.Build.0 = Release|Any CPU
		{E48276B4-8B3D-4FA0-95A4-C9E4CE4D1D95}.Release|x86.ActiveCfg = Release|Any CPU
		{E48276B4-8B3D-4FA0-95A4-C9E4CE4D1D95}.Release|x86.Build.0 = Release|Any CPU
		{C732C75A-AA83-4332-A75D-EB23A4EBFC95}.AppStore|Any CPU.ActiveCfg = Release|Any CPU
		{C732C75A-AA83-4332-A75D-EB23A4EBFC95}.AppStore|Any CPU.Build.0 = Release|Any CPU
		{C732C75A-AA83-4332-A75D-EB23A4EBFC95}.AppStore|ARM.ActiveCfg = Debug|Any CPU
		{C732C75A-AA83-4332-A75D-EB23A4EBFC95}.AppStore|ARM.Build.0 = Debug|Any CPU
		{C732C75A-AA83-4332-A75D-EB23A4EBFC95}.AppStore|x64.ActiveCfg = Release|x64
		{C732C75A-AA83-4332-A75D-EB23A4EBFC95}.AppStore|x64.Build.0 = Release|x64
		{C732C75A-AA83-4332-A75D-EB23A4EBFC95}.AppStore|x86.ActiveCfg = Release|x86
		{C732C75A-AA83-4332-A75D-EB23A4EBFC95}.AppStore|x86.Build.0 = Release|x86
		{C732C75A-AA83-4332-A75D-EB23A4EBFC95}.Debug|Any CPU.ActiveCfg = Debug|Any CPU
		{C732C75A-AA83-4332-A75D-EB23A4EBFC95}.Debug|Any CPU.Build.0 = Debug|Any CPU
		{C732C75A-AA83-4332-A75D-EB23A4EBFC95}.Debug|ARM.ActiveCfg = Debug|Any CPU
		{C732C75A-AA83-4332-A75D-EB23A4EBFC95}.Debug|ARM.Build.0 = Debug|Any CPU
		{C732C75A-AA83-4332-A75D-EB23A4EBFC95}.Debug|x64.ActiveCfg = Debug|x64
		{C732C75A-AA83-4332-A75D-EB23A4EBFC95}.Debug|x64.Build.0 = Debug|x64
		{C732C75A-AA83-4332-A75D-EB23A4EBFC95}.Debug|x86.ActiveCfg = Debug|x86
		{C732C75A-AA83-4332-A75D-EB23A4EBFC95}.Debug|x86.Build.0 = Debug|x86
		{C732C75A-AA83-4332-A75D-EB23A4EBFC95}.Release|Any CPU.ActiveCfg = Release|Any CPU
		{C732C75A-AA83-4332-A75D-EB23A4EBFC95}.Release|Any CPU.Build.0 = Release|Any CPU
		{C732C75A-AA83-4332-A75D-EB23A4EBFC95}.Release|ARM.ActiveCfg = Release|Any CPU
		{C732C75A-AA83-4332-A75D-EB23A4EBFC95}.Release|ARM.Build.0 = Release|Any CPU
		{C732C75A-AA83-4332-A75D-EB23A4EBFC95}.Release|x64.ActiveCfg = Release|x64
		{C732C75A-AA83-4332-A75D-EB23A4EBFC95}.Release|x64.Build.0 = Release|x64
		{C732C75A-AA83-4332-A75D-EB23A4EBFC95}.Release|x86.ActiveCfg = Release|x86
		{C732C75A-AA83-4332-A75D-EB23A4EBFC95}.Release|x86.Build.0 = Release|x86
		{17331613-F159-4A42-9944-E6CAFF38526E}.AppStore|Any CPU.ActiveCfg = Release|Any CPU
		{17331613-F159-4A42-9944-E6CAFF38526E}.AppStore|Any CPU.Build.0 = Release|Any CPU
		{17331613-F159-4A42-9944-E6CAFF38526E}.AppStore|ARM.ActiveCfg = Release|ARM
		{17331613-F159-4A42-9944-E6CAFF38526E}.AppStore|ARM.Build.0 = Release|ARM
		{17331613-F159-4A42-9944-E6CAFF38526E}.AppStore|x64.ActiveCfg = Release|x64
		{17331613-F159-4A42-9944-E6CAFF38526E}.AppStore|x64.Build.0 = Release|x64
		{17331613-F159-4A42-9944-E6CAFF38526E}.AppStore|x86.ActiveCfg = Release|x86
		{17331613-F159-4A42-9944-E6CAFF38526E}.AppStore|x86.Build.0 = Release|x86
		{17331613-F159-4A42-9944-E6CAFF38526E}.Debug|Any CPU.ActiveCfg = Debug|Any CPU
		{17331613-F159-4A42-9944-E6CAFF38526E}.Debug|Any CPU.Build.0 = Debug|Any CPU
		{17331613-F159-4A42-9944-E6CAFF38526E}.Debug|ARM.ActiveCfg = Debug|ARM
		{17331613-F159-4A42-9944-E6CAFF38526E}.Debug|ARM.Build.0 = Debug|ARM
		{17331613-F159-4A42-9944-E6CAFF38526E}.Debug|x64.ActiveCfg = Debug|x64
		{17331613-F159-4A42-9944-E6CAFF38526E}.Debug|x64.Build.0 = Debug|x64
		{17331613-F159-4A42-9944-E6CAFF38526E}.Debug|x86.ActiveCfg = Debug|x86
		{17331613-F159-4A42-9944-E6CAFF38526E}.Debug|x86.Build.0 = Debug|x86
		{17331613-F159-4A42-9944-E6CAFF38526E}.Release|Any CPU.ActiveCfg = Release|Any CPU
		{17331613-F159-4A42-9944-E6CAFF38526E}.Release|Any CPU.Build.0 = Release|Any CPU
		{17331613-F159-4A42-9944-E6CAFF38526E}.Release|ARM.ActiveCfg = Release|ARM
		{17331613-F159-4A42-9944-E6CAFF38526E}.Release|ARM.Build.0 = Release|ARM
		{17331613-F159-4A42-9944-E6CAFF38526E}.Release|x64.ActiveCfg = Release|x64
		{17331613-F159-4A42-9944-E6CAFF38526E}.Release|x64.Build.0 = Release|x64
		{17331613-F159-4A42-9944-E6CAFF38526E}.Release|x86.ActiveCfg = Release|x86
		{17331613-F159-4A42-9944-E6CAFF38526E}.Release|x86.Build.0 = Release|x86
	EndGlobalSection
	GlobalSection(SolutionProperties) = preSolution
		HideSolutionNode = FALSE
	EndGlobalSection
EndGlobal
